// !$*UTF8*$!
{
	archiveVersion = 1;
	classes = {
	};
	objectVersion = 50;
	objects = {

/* Begin PBXBuildFile section */
		FCBC3B7B2706DD4400872829 /* AfricaApp.swift in Sources */ = {isa = PBXBuildFile; fileRef = FCBC3B7A2706DD4400872829 /* AfricaApp.swift */; };
		FCBC3B7D2706DD4400872829 /* ContentView.swift in Sources */ = {isa = PBXBuildFile; fileRef = FCBC3B7C2706DD4400872829 /* ContentView.swift */; };
		FCBC3B7F2706DD4900872829 /* Assets.xcassets in Resources */ = {isa = PBXBuildFile; fileRef = FCBC3B7E2706DD4900872829 /* Assets.xcassets */; };
		FCBC3B822706DD4900872829 /* Preview Assets.xcassets in Resources */ = {isa = PBXBuildFile; fileRef = FCBC3B812706DD4900872829 /* Preview Assets.xcassets */; };
		FCBC3B9527076C2D00872829 /* hippo.mp4 in Resources */ = {isa = PBXBuildFile; fileRef = FCBC3B8B27076C2500872829 /* hippo.mp4 */; };
		FCBC3B9627076C2D00872829 /* cheetah.mp4 in Resources */ = {isa = PBXBuildFile; fileRef = FCBC3B8C27076C2600872829 /* cheetah.mp4 */; };
		FCBC3B9727076C2D00872829 /* gorilla.mp4 in Resources */ = {isa = PBXBuildFile; fileRef = FCBC3B8D27076C2600872829 /* gorilla.mp4 */; };
		FCBC3B9827076C2D00872829 /* lion.mp4 in Resources */ = {isa = PBXBuildFile; fileRef = FCBC3B8E27076C2700872829 /* lion.mp4 */; };
		FCBC3B9927076C2D00872829 /* rhino.mp4 in Resources */ = {isa = PBXBuildFile; fileRef = FCBC3B8F27076C2800872829 /* rhino.mp4 */; };
		FCBC3B9A27076C2D00872829 /* giraffe.mp4 in Resources */ = {isa = PBXBuildFile; fileRef = FCBC3B9027076C2900872829 /* giraffe.mp4 */; };
		FCBC3B9B27076C2D00872829 /* ostrich.mp4 in Resources */ = {isa = PBXBuildFile; fileRef = FCBC3B9127076C2A00872829 /* ostrich.mp4 */; };
		FCBC3B9C27076C2D00872829 /* zebra.mp4 in Resources */ = {isa = PBXBuildFile; fileRef = FCBC3B9227076C2B00872829 /* zebra.mp4 */; };
		FCBC3B9D27076C2D00872829 /* lioness.mp4 in Resources */ = {isa = PBXBuildFile; fileRef = FCBC3B9327076C2C00872829 /* lioness.mp4 */; };
		FCBC3B9E27076C2D00872829 /* elephant.mp4 in Resources */ = {isa = PBXBuildFile; fileRef = FCBC3B9427076C2D00872829 /* elephant.mp4 */; };
		FCBC3BA5270895D200872829 /* locations.json in Resources */ = {isa = PBXBuildFile; fileRef = FCBC3BA1270895D000872829 /* locations.json */; };
		FCBC3BA6270895D200872829 /* videos.json in Resources */ = {isa = PBXBuildFile; fileRef = FCBC3BA2270895D100872829 /* videos.json */; };
		FCBC3BA7270895D200872829 /* animals.json in Resources */ = {isa = PBXBuildFile; fileRef = FCBC3BA3270895D100872829 /* animals.json */; };
		FCBC3BA8270895D200872829 /* covers.json in Resources */ = {isa = PBXBuildFile; fileRef = FCBC3BA4270895D200872829 /* covers.json */; };
/* End PBXBuildFile section */

/* Begin PBXFileReference section */
		FCBC3B772706DD4400872829 /* Africa.app */ = {isa = PBXFileReference; explicitFileType = wrapper.application; includeInIndex = 0; path = Africa.app; sourceTree = BUILT_PRODUCTS_DIR; };
		FCBC3B7A2706DD4400872829 /* AfricaApp.swift */ = {isa = PBXFileReference; lastKnownFileType = sourcecode.swift; path = AfricaApp.swift; sourceTree = "<group>"; };
		FCBC3B7C2706DD4400872829 /* ContentView.swift */ = {isa = PBXFileReference; lastKnownFileType = sourcecode.swift; path = ContentView.swift; sourceTree = "<group>"; };
		FCBC3B7E2706DD4900872829 /* Assets.xcassets */ = {isa = PBXFileReference; lastKnownFileType = folder.assetcatalog; path = Assets.xcassets; sourceTree = "<group>"; };
		FCBC3B812706DD4900872829 /* Preview Assets.xcassets */ = {isa = PBXFileReference; lastKnownFileType = folder.assetcatalog; path = "Preview Assets.xcassets"; sourceTree = "<group>"; };
		FCBC3B832706DD4900872829 /* Info.plist */ = {isa = PBXFileReference; lastKnownFileType = text.plist.xml; path = Info.plist; sourceTree = "<group>"; };
		FCBC3B8B27076C2500872829 /* hippo.mp4 */ = {isa = PBXFileReference; lastKnownFileType = file; path = hippo.mp4; sourceTree = "<group>"; };
		FCBC3B8C27076C2600872829 /* cheetah.mp4 */ = {isa = PBXFileReference; lastKnownFileType = file; path = cheetah.mp4; sourceTree = "<group>"; };
		FCBC3B8D27076C2600872829 /* gorilla.mp4 */ = {isa = PBXFileReference; lastKnownFileType = file; path = gorilla.mp4; sourceTree = "<group>"; };
		FCBC3B8E27076C2700872829 /* lion.mp4 */ = {isa = PBXFileReference; lastKnownFileType = file; path = lion.mp4; sourceTree = "<group>"; };
		FCBC3B8F27076C2800872829 /* rhino.mp4 */ = {isa = PBXFileReference; lastKnownFileType = file; path = rhino.mp4; sourceTree = "<group>"; };
		FCBC3B9027076C2900872829 /* giraffe.mp4 */ = {isa = PBXFileReference; lastKnownFileType = file; path = giraffe.mp4; sourceTree = "<group>"; };
		FCBC3B9127076C2A00872829 /* ostrich.mp4 */ = {isa = PBXFileReference; lastKnownFileType = file; path = ostrich.mp4; sourceTree = "<group>"; };
		FCBC3B9227076C2B00872829 /* zebra.mp4 */ = {isa = PBXFileReference; lastKnownFileType = file; path = zebra.mp4; sourceTree = "<group>"; };
		FCBC3B9327076C2C00872829 /* lioness.mp4 */ = {isa = PBXFileReference; lastKnownFileType = file; path = lioness.mp4; sourceTree = "<group>"; };
		FCBC3B9427076C2D00872829 /* elephant.mp4 */ = {isa = PBXFileReference; lastKnownFileType = file; path = elephant.mp4; sourceTree = "<group>"; };
		FCBC3BA1270895D000872829 /* locations.json */ = {isa = PBXFileReference; fileEncoding = 4; lastKnownFileType = text.json; path = locations.json; sourceTree = "<group>"; };
		FCBC3BA2270895D100872829 /* videos.json */ = {isa = PBXFileReference; fileEncoding = 4; lastKnownFileType = text.json; path = videos.json; sourceTree = "<group>"; };
		FCBC3BA3270895D100872829 /* animals.json */ = {isa = PBXFileReference; fileEncoding = 4; lastKnownFileType = text.json; path = animals.json; sourceTree = "<group>"; };
		FCBC3BA4270895D200872829 /* covers.json */ = {isa = PBXFileReference; fileEncoding = 4; lastKnownFileType = text.json; path = covers.json; sourceTree = "<group>"; };
/* End PBXFileReference section */

/* Begin PBXFrameworksBuildPhase section */
		FCBC3B742706DD4400872829 /* Frameworks */ = {
			isa = PBXFrameworksBuildPhase;
			buildActionMask = 2147483647;
			files = (
			);
			runOnlyForDeploymentPostprocessing = 0;
		};
/* End PBXFrameworksBuildPhase section */

/* Begin PBXGroup section */
		FCBC3B6E2706DD4400872829 = {
			isa = PBXGroup;
			children = (
				FCBC3B792706DD4400872829 /* Africa */,
				FCBC3B782706DD4400872829 /* Products */,
			);
			sourceTree = "<group>";
		};
		FCBC3B782706DD4400872829 /* Products */ = {
			isa = PBXGroup;
			children = (
				FCBC3B772706DD4400872829 /* Africa.app */,
			);
			name = Products;
			sourceTree = "<group>";
		};
		FCBC3B792706DD4400872829 /* Africa */ = {
			isa = PBXGroup;
			children = (
				FCBC3BA02708955800872829 /* Data */,
				FCBC3B8A27076BF700872829 /* Video */,
				FCBC3B7A2706DD4400872829 /* AfricaApp.swift */,
				FCBC3B7C2706DD4400872829 /* ContentView.swift */,
				FCBC3B7E2706DD4900872829 /* Assets.xcassets */,
				FCBC3B832706DD4900872829 /* Info.plist */,
				FCBC3B802706DD4900872829 /* Preview Content */,
			);
			path = Africa;
			sourceTree = "<group>";
		};
		FCBC3B802706DD4900872829 /* Preview Content */ = {
			isa = PBXGroup;
			children = (
				FCBC3B812706DD4900872829 /* Preview Assets.xcassets */,
			);
			path = "Preview Content";
			sourceTree = "<group>";
		};
		FCBC3B8A27076BF700872829 /* Video */ = {
			isa = PBXGroup;
			children = (
				FCBC3B8C27076C2600872829 /* cheetah.mp4 */,
				FCBC3B9427076C2D00872829 /* elephant.mp4 */,
				FCBC3B9027076C2900872829 /* giraffe.mp4 */,
				FCBC3B8D27076C2600872829 /* gorilla.mp4 */,
				FCBC3B8B27076C2500872829 /* hippo.mp4 */,
				FCBC3B8E27076C2700872829 /* lion.mp4 */,
				FCBC3B9327076C2C00872829 /* lioness.mp4 */,
				FCBC3B9127076C2A00872829 /* ostrich.mp4 */,
				FCBC3B8F27076C2800872829 /* rhino.mp4 */,
				FCBC3B9227076C2B00872829 /* zebra.mp4 */,
			);
			path = Video;
			sourceTree = "<group>";
		};
		FCBC3BA02708955800872829 /* Data */ = {
			isa = PBXGroup;
			children = (
				FCBC3BA3270895D100872829 /* animals.json */,
				FCBC3BA4270895D200872829 /* covers.json */,
				FCBC3BA1270895D000872829 /* locations.json */,
				FCBC3BA2270895D100872829 /* videos.json */,
			);
			path = Data;
			sourceTree = "<group>";
		};
/* End PBXGroup section */

/* Begin PBXNativeTarget section */
		FCBC3B762706DD4400872829 /* Africa */ = {
			isa = PBXNativeTarget;
			buildConfigurationList = FCBC3B862706DD4900872829 /* Build configuration list for PBXNativeTarget "Africa" */;
			buildPhases = (
				FCBC3B732706DD4400872829 /* Sources */,
				FCBC3B742706DD4400872829 /* Frameworks */,
				FCBC3B752706DD4400872829 /* Resources */,
			);
			buildRules = (
			);
			dependencies = (
			);
			name = Africa;
			productName = Africa;
			productReference = FCBC3B772706DD4400872829 /* Africa.app */;
			productType = "com.apple.product-type.application";
		};
/* End PBXNativeTarget section */

/* Begin PBXProject section */
		FCBC3B6F2706DD4400872829 /* Project object */ = {
			isa = PBXProject;
			attributes = {
				LastSwiftUpdateCheck = 1240;
				LastUpgradeCheck = 1240;
				TargetAttributes = {
					FCBC3B762706DD4400872829 = {
						CreatedOnToolsVersion = 12.4;
					};
				};
			};
			buildConfigurationList = FCBC3B722706DD4400872829 /* Build configuration list for PBXProject "Africa" */;
			compatibilityVersion = "Xcode 9.3";
			developmentRegion = en;
			hasScannedForEncodings = 0;
			knownRegions = (
				en,
				Base,
			);
			mainGroup = FCBC3B6E2706DD4400872829;
			productRefGroup = FCBC3B782706DD4400872829 /* Products */;
			projectDirPath = "";
			projectRoot = "";
			targets = (
				FCBC3B762706DD4400872829 /* Africa */,
			);
		};
/* End PBXProject section */

/* Begin PBXResourcesBuildPhase section */
		FCBC3B752706DD4400872829 /* Resources */ = {
			isa = PBXResourcesBuildPhase;
			buildActionMask = 2147483647;
			files = (
				FCBC3BA7270895D200872829 /* animals.json in Resources */,
				FCBC3BA5270895D200872829 /* locations.json in Resources */,
				FCBC3B9627076C2D00872829 /* cheetah.mp4 in Resources */,
				FCBC3B9D27076C2D00872829 /* lioness.mp4 in Resources */,
				FCBC3BA6270895D200872829 /* videos.json in Resources */,
				FCBC3BA8270895D200872829 /* covers.json in Resources */,
				FCBC3B9827076C2D00872829 /* lion.mp4 in Resources */,
				FCBC3B822706DD4900872829 /* Preview Assets.xcassets in Resources */,
				FCBC3B9B27076C2D00872829 /* ostrich.mp4 in Resources */,
				FCBC3B9727076C2D00872829 /* gorilla.mp4 in Resources */,
				FCBC3B9927076C2D00872829 /* rhino.mp4 in Resources */,
				FCBC3B9C27076C2D00872829 /* zebra.mp4 in Resources */,
				FCBC3B9E27076C2D00872829 /* elephant.mp4 in Resources */,
				FCBC3B9527076C2D00872829 /* hippo.mp4 in Resources */,
				FCBC3B9A27076C2D00872829 /* giraffe.mp4 in Resources */,
				FCBC3B7F2706DD4900872829 /* Assets.xcassets in Resources */,
			);
			runOnlyForDeploymentPostprocessing = 0;
		};
/* End PBXResourcesBuildPhase section */

/* Begin PBXSourcesBuildPhase section */
		FCBC3B732706DD4400872829 /* Sources */ = {
			isa = PBXSourcesBuildPhase;
			buildActionMask = 2147483647;
			files = (
				FCBC3B7D2706DD4400872829 /* ContentView.swift in Sources */,
				FCBC3B7B2706DD4400872829 /* AfricaApp.swift in Sources */,
			);
			runOnlyForDeploymentPostprocessing = 0;
		};
/* End PBXSourcesBuildPhase section */

/* Begin XCBuildConfiguration section */
		FCBC3B842706DD4900872829 /* Debug */ = {
			isa = XCBuildConfiguration;
			buildSettings = {
				ALWAYS_SEARCH_USER_PATHS = NO;
				CLANG_ANALYZER_NONNULL = YES;
				CLANG_ANALYZER_NUMBER_OBJECT_CONVERSION = YES_AGGRESSIVE;
				CLANG_CXX_LANGUAGE_STANDARD = "gnu++14";
				CLANG_CXX_LIBRARY = "libc++";
				CLANG_ENABLE_MODULES = YES;
				CLANG_ENABLE_OBJC_ARC = YES;
				CLANG_ENABLE_OBJC_WEAK = YES;
				CLANG_WARN_BLOCK_CAPTURE_AUTORELEASING = YES;
				CLANG_WARN_BOOL_CONVERSION = YES;
				CLANG_WARN_COMMA = YES;
				CLANG_WARN_CONSTANT_CONVERSION = YES;
				CLANG_WARN_DEPRECATED_OBJC_IMPLEMENTATIONS = YES;
				CLANG_WARN_DIRECT_OBJC_ISA_USAGE = YES_ERROR;
				CLANG_WARN_DOCUMENTATION_COMMENTS = YES;
				CLANG_WARN_EMPTY_BODY = YES;
				CLANG_WARN_ENUM_CONVERSION = YES;
				CLANG_WARN_INFINITE_RECURSION = YES;
				CLANG_WARN_INT_CONVERSION = YES;
				CLANG_WARN_NON_LITERAL_NULL_CONVERSION = YES;
				CLANG_WARN_OBJC_IMPLICIT_RETAIN_SELF = YES;
				CLANG_WARN_OBJC_LITERAL_CONVERSION = YES;
				CLANG_WARN_OBJC_ROOT_CLASS = YES_ERROR;
				CLANG_WARN_QUOTED_INCLUDE_IN_FRAMEWORK_HEADER = YES;
				CLANG_WARN_RANGE_LOOP_ANALYSIS = YES;
				CLANG_WARN_STRICT_PROTOTYPES = YES;
				CLANG_WARN_SUSPICIOUS_MOVE = YES;
				CLANG_WARN_UNGUARDED_AVAILABILITY = YES_AGGRESSIVE;
				CLANG_WARN_UNREACHABLE_CODE = YES;
				CLANG_WARN__DUPLICATE_METHOD_MATCH = YES;
				COPY_PHASE_STRIP = NO;
				DEBUG_INFORMATION_FORMAT = dwarf;
				ENABLE_STRICT_OBJC_MSGSEND = YES;
				ENABLE_TESTABILITY = YES;
				GCC_C_LANGUAGE_STANDARD = gnu11;
				GCC_DYNAMIC_NO_PIC = NO;
				GCC_NO_COMMON_BLOCKS = YES;
				GCC_OPTIMIZATION_LEVEL = 0;
				GCC_PREPROCESSOR_DEFINITIONS = (
					"DEBUG=1",
					"$(inherited)",
				);
				GCC_WARN_64_TO_32_BIT_CONVERSION = YES;
				GCC_WARN_ABOUT_RETURN_TYPE = YES_ERROR;
				GCC_WARN_UNDECLARED_SELECTOR = YES;
				GCC_WARN_UNINITIALIZED_AUTOS = YES_AGGRESSIVE;
				GCC_WARN_UNUSED_FUNCTION = YES;
				GCC_WARN_UNUSED_VARIABLE = YES;
				IPHONEOS_DEPLOYMENT_TARGET = 14.4;
				MTL_ENABLE_DEBUG_INFO = INCLUDE_SOURCE;
				MTL_FAST_MATH = YES;
				ONLY_ACTIVE_ARCH = YES;
				SDKROOT = iphoneos;
				SWIFT_ACTIVE_COMPILATION_CONDITIONS = DEBUG;
				SWIFT_OPTIMIZATION_LEVEL = "-Onone";
			};
			name = Debug;
		};
		FCBC3B852706DD4900872829 /* Release */ = {
			isa = XCBuildConfiguration;
			buildSettings = {
				ALWAYS_SEARCH_USER_PATHS = NO;
				CLANG_ANALYZER_NONNULL = YES;
				CLANG_ANALYZER_NUMBER_OBJECT_CONVERSION = YES_AGGRESSIVE;
				CLANG_CXX_LANGUAGE_STANDARD = "gnu++14";
				CLANG_CXX_LIBRARY = "libc++";
				CLANG_ENABLE_MODULES = YES;
				CLANG_ENABLE_OBJC_ARC = YES;
				CLANG_ENABLE_OBJC_WEAK = YES;
				CLANG_WARN_BLOCK_CAPTURE_AUTORELEASING = YES;
				CLANG_WARN_BOOL_CONVERSION = YES;
				CLANG_WARN_COMMA = YES;
				CLANG_WARN_CONSTANT_CONVERSION = YES;
				CLANG_WARN_DEPRECATED_OBJC_IMPLEMENTATIONS = YES;
				CLANG_WARN_DIRECT_OBJC_ISA_USAGE = YES_ERROR;
				CLANG_WARN_DOCUMENTATION_COMMENTS = YES;
				CLANG_WARN_EMPTY_BODY = YES;
				CLANG_WARN_ENUM_CONVERSION = YES;
				CLANG_WARN_INFINITE_RECURSION = YES;
				CLANG_WARN_INT_CONVERSION = YES;
				CLANG_WARN_NON_LITERAL_NULL_CONVERSION = YES;
				CLANG_WARN_OBJC_IMPLICIT_RETAIN_SELF = YES;
				CLANG_WARN_OBJC_LITERAL_CONVERSION = YES;
				CLANG_WARN_OBJC_ROOT_CLASS = YES_ERROR;
				CLANG_WARN_QUOTED_INCLUDE_IN_FRAMEWORK_HEADER = YES;
				CLANG_WARN_RANGE_LOOP_ANALYSIS = YES;
				CLANG_WARN_STRICT_PROTOTYPES = YES;
				CLANG_WARN_SUSPICIOUS_MOVE = YES;
				CLANG_WARN_UNGUARDED_AVAILABILITY = YES_AGGRESSIVE;
				CLANG_WARN_UNREACHABLE_CODE = YES;
				CLANG_WARN__DUPLICATE_METHOD_MATCH = YES;
				COPY_PHASE_STRIP = NO;
				DEBUG_INFORMATION_FORMAT = "dwarf-with-dsym";
				ENABLE_NS_ASSERTIONS = NO;
				ENABLE_STRICT_OBJC_MSGSEND = YES;
				GCC_C_LANGUAGE_STANDARD = gnu11;
				GCC_NO_COMMON_BLOCKS = YES;
				GCC_WARN_64_TO_32_BIT_CONVERSION = YES;
				GCC_WARN_ABOUT_RETURN_TYPE = YES_ERROR;
				GCC_WARN_UNDECLARED_SELECTOR = YES;
				GCC_WARN_UNINITIALIZED_AUTOS = YES_AGGRESSIVE;
				GCC_WARN_UNUSED_FUNCTION = YES;
				GCC_WARN_UNUSED_VARIABLE = YES;
				IPHONEOS_DEPLOYMENT_TARGET = 14.4;
				MTL_ENABLE_DEBUG_INFO = NO;
				MTL_FAST_MATH = YES;
				SDKROOT = iphoneos;
				SWIFT_COMPILATION_MODE = wholemodule;
				SWIFT_OPTIMIZATION_LEVEL = "-O";
				VALIDATE_PRODUCT = YES;
			};
			name = Release;
		};
		FCBC3B872706DD4900872829 /* Debug */ = {
			isa = XCBuildConfiguration;
			buildSettings = {
				ASSETCATALOG_COMPILER_APPICON_NAME = AppIcon;
				ASSETCATALOG_COMPILER_GLOBAL_ACCENT_COLOR_NAME = AccentColor;
				CODE_SIGN_STYLE = Automatic;
				DEVELOPMENT_ASSET_PATHS = "\"Africa/Preview Content\"";
				DEVELOPMENT_TEAM = 892KGV2B93;
				ENABLE_PREVIEWS = YES;
				INFOPLIST_FILE = Africa/Info.plist;
				IPHONEOS_DEPLOYMENT_TARGET = 14.0;
				LD_RUNPATH_SEARCH_PATHS = (
					"$(inherited)",
					"@executable_path/Frameworks",
				);
				PRODUCT_BUNDLE_IDENTIFIER = "com.delet-dis.Africa";
				PRODUCT_NAME = "$(TARGET_NAME)";
				SWIFT_VERSION = 5.0;
				TARGETED_DEVICE_FAMILY = "1,2";
			};
			name = Debug;
		};
		FCBC3B882706DD4900872829 /* Release */ = {
			isa = XCBuildConfiguration;
			buildSettings = {
				ASSETCATALOG_COMPILER_APPICON_NAME = AppIcon;
				ASSETCATALOG_COMPILER_GLOBAL_ACCENT_COLOR_NAME = AccentColor;
				CODE_SIGN_STYLE = Automatic;
				DEVELOPMENT_ASSET_PATHS = "\"Africa/Preview Content\"";
				DEVELOPMENT_TEAM = 892KGV2B93;
				ENABLE_PREVIEWS = YES;
				INFOPLIST_FILE = Africa/Info.plist;
				IPHONEOS_DEPLOYMENT_TARGET = 14.0;
				LD_RUNPATH_SEARCH_PATHS = (
					"$(inherited)",
					"@executable_path/Frameworks",
				);
				PRODUCT_BUNDLE_IDENTIFIER = "com.delet-dis.Africa";
				PRODUCT_NAME = "$(TARGET_NAME)";
				SWIFT_VERSION = 5.0;
				TARGETED_DEVICE_FAMILY = "1,2";
			};
			name = Release;
		};
/* End XCBuildConfiguration section */

/* Begin XCConfigurationList section */
		FCBC3B722706DD4400872829 /* Build configuration list for PBXProject "Africa" */ = {
			isa = XCConfigurationList;
			buildConfigurations = (
				FCBC3B842706DD4900872829 /* Debug */,
				FCBC3B852706DD4900872829 /* Release */,
			);
			defaultConfigurationIsVisible = 0;
			defaultConfigurationName = Release;
		};
		FCBC3B862706DD4900872829 /* Build configuration list for PBXNativeTarget "Africa" */ = {
			isa = XCConfigurationList;
			buildConfigurations = (
				FCBC3B872706DD4900872829 /* Debug */,
				FCBC3B882706DD4900872829 /* Release */,
			);
			defaultConfigurationIsVisible = 0;
			defaultConfigurationName = Release;
		};
/* End XCConfigurationList section */
	};
	rootObject = FCBC3B6F2706DD4400872829 /* Project object */;
}
