// !$*UTF8*$!
{
	archiveVersion = 1;
	classes = {
	};
	objectVersion = 52;
	objects = {

/* Begin PBXBuildFile section */
		FC5067052721C3FD00A1DFDD /* VideoPlayerView.swift in Sources */ = {isa = PBXBuildFile; fileRef = FC5067042721C3FD00A1DFDD /* VideoPlayerView.swift */; };
		FC5067092721C50800A1DFDD /* VideoPlayerHelper.swift in Sources */ = {isa = PBXBuildFile; fileRef = FC5067082721C50800A1DFDD /* VideoPlayerHelper.swift */; };
		FC5BA34B2731784700C3EE89 /* MotionAnimationView.swift in Sources */ = {isa = PBXBuildFile; fileRef = FC5BA34A2731784700C3EE89 /* MotionAnimationView.swift */; };
		FC6301D12737C3BE003ADA6F /* AnimalGridItemView.swift in Sources */ = {isa = PBXBuildFile; fileRef = FC6301D02737C3BE003ADA6F /* AnimalGridItemView.swift */; };
		FC6301F4273D8820003ADA6F /* CreditsView.swift in Sources */ = {isa = PBXBuildFile; fileRef = FC6301F3273D8820003ADA6F /* CreditsView.swift */; };
		FC6301FE273D89B1003ADA6F /* Stickers.xcassets in Resources */ = {isa = PBXBuildFile; fileRef = FC6301FD273D89B1003ADA6F /* Stickers.xcassets */; };
		FC630202273D89B1003ADA6F /* Stickers.appex in Embed App Extensions */ = {isa = PBXBuildFile; fileRef = FC6301FB273D89AF003ADA6F /* Stickers.appex */; platformFilter = ios; settings = {ATTRIBUTES = (RemoveHeadersOnCopy, ); }; };
		FC63020C273D8B9B003ADA6F /* CenterModifier.swift in Sources */ = {isa = PBXBuildFile; fileRef = FC63020B273D8B9B003ADA6F /* CenterModifier.swift */; };
		FC6A34E327292CF000D09884 /* MapAnnotationView.swift in Sources */ = {isa = PBXBuildFile; fileRef = FC6A34E227292CF000D09884 /* MapAnnotationView.swift */; };
		FC6CE9D92728679E0087A11E /* LocationModel.swift in Sources */ = {isa = PBXBuildFile; fileRef = FC6CE9D82728679E0087A11E /* LocationModel.swift */; };
		FCBC3B7B2706DD4400872829 /* AfricaApp.swift in Sources */ = {isa = PBXBuildFile; fileRef = FCBC3B7A2706DD4400872829 /* AfricaApp.swift */; };
		FCBC3B7D2706DD4400872829 /* ContentView.swift in Sources */ = {isa = PBXBuildFile; fileRef = FCBC3B7C2706DD4400872829 /* ContentView.swift */; };
		FCBC3B7F2706DD4900872829 /* Assets.xcassets in Resources */ = {isa = PBXBuildFile; fileRef = FCBC3B7E2706DD4900872829 /* Assets.xcassets */; };
		FCBC3B822706DD4900872829 /* Preview Assets.xcassets in Resources */ = {isa = PBXBuildFile; fileRef = FCBC3B812706DD4900872829 /* Preview Assets.xcassets */; };
		FCBC3B9527076C2D00872829 /* hippo.mp4 in Resources */ = {isa = PBXBuildFile; fileRef = FCBC3B8B27076C2500872829 /* hippo.mp4 */; };
		FCBC3B9627076C2D00872829 /* cheetah.mp4 in Resources */ = {isa = PBXBuildFile; fileRef = FCBC3B8C27076C2600872829 /* cheetah.mp4 */; };
		FCBC3B9727076C2D00872829 /* gorilla.mp4 in Resources */ = {isa = PBXBuildFile; fileRef = FCBC3B8D27076C2600872829 /* gorilla.mp4 */; };
		FCBC3B9827076C2D00872829 /* lion.mp4 in Resources */ = {isa = PBXBuildFile; fileRef = FCBC3B8E27076C2700872829 /* lion.mp4 */; };
		FCBC3B9927076C2D00872829 /* rhino.mp4 in Resources */ = {isa = PBXBuildFile; fileRef = FCBC3B8F27076C2800872829 /* rhino.mp4 */; };
		FCBC3B9A27076C2D00872829 /* giraffe.mp4 in Resources */ = {isa = PBXBuildFile; fileRef = FCBC3B9027076C2900872829 /* giraffe.mp4 */; };
		FCBC3B9B27076C2D00872829 /* ostrich.mp4 in Resources */ = {isa = PBXBuildFile; fileRef = FCBC3B9127076C2A00872829 /* ostrich.mp4 */; };
		FCBC3B9C27076C2D00872829 /* zebra.mp4 in Resources */ = {isa = PBXBuildFile; fileRef = FCBC3B9227076C2B00872829 /* zebra.mp4 */; };
		FCBC3B9D27076C2D00872829 /* lioness.mp4 in Resources */ = {isa = PBXBuildFile; fileRef = FCBC3B9327076C2C00872829 /* lioness.mp4 */; };
		FCBC3B9E27076C2D00872829 /* elephant.mp4 in Resources */ = {isa = PBXBuildFile; fileRef = FCBC3B9427076C2D00872829 /* elephant.mp4 */; };
		FCBC3BA5270895D200872829 /* locations.json in Resources */ = {isa = PBXBuildFile; fileRef = FCBC3BA1270895D000872829 /* locations.json */; };
		FCBC3BA6270895D200872829 /* videos.json in Resources */ = {isa = PBXBuildFile; fileRef = FCBC3BA2270895D100872829 /* videos.json */; };
		FCBC3BA7270895D200872829 /* animals.json in Resources */ = {isa = PBXBuildFile; fileRef = FCBC3BA3270895D100872829 /* animals.json */; };
		FCBC3BA8270895D200872829 /* covers.json in Resources */ = {isa = PBXBuildFile; fileRef = FCBC3BA4270895D200872829 /* covers.json */; };
		FCBC3BAD2708995600872829 /* VideoListView.swift in Sources */ = {isa = PBXBuildFile; fileRef = FCBC3BAC2708995600872829 /* VideoListView.swift */; };
		FCBC3BB02708996B00872829 /* MapView.swift in Sources */ = {isa = PBXBuildFile; fileRef = FCBC3BAF2708996B00872829 /* MapView.swift */; };
		FCBC3BB32708998200872829 /* GalleryView.swift in Sources */ = {isa = PBXBuildFile; fileRef = FCBC3BB22708998200872829 /* GalleryView.swift */; };
		FCBC3BB62708999B00872829 /* MainView.swift in Sources */ = {isa = PBXBuildFile; fileRef = FCBC3BB52708999B00872829 /* MainView.swift */; };
		FCBC3BBA2709F70900872829 /* CoverImageView.swift in Sources */ = {isa = PBXBuildFile; fileRef = FCBC3BB92709F70900872829 /* CoverImageView.swift */; };
		FCBC3BBF2709F8E400872829 /* CoverImageModel.swift in Sources */ = {isa = PBXBuildFile; fileRef = FCBC3BBE2709F8E400872829 /* CoverImageModel.swift */; };
		FCBC3BC42709F9A600872829 /* CodableBundleExtension.swift in Sources */ = {isa = PBXBuildFile; fileRef = FCBC3BC32709F9A600872829 /* CodableBundleExtension.swift */; };
		FCBC3BC8270B02EF00872829 /* AnimalListItemView.swift in Sources */ = {isa = PBXBuildFile; fileRef = FCBC3BC7270B02EF00872829 /* AnimalListItemView.swift */; };
		FCBC3BCB270B04B200872829 /* AnimalModel.swift in Sources */ = {isa = PBXBuildFile; fileRef = FCBC3BCA270B04B200872829 /* AnimalModel.swift */; };
		FCBC3BCE270E065D00872829 /* AnimalDetailView.swift in Sources */ = {isa = PBXBuildFile; fileRef = FCBC3BCD270E065D00872829 /* AnimalDetailView.swift */; };
		FCEDBECA270E0903002C0066 /* HeadingView.swift in Sources */ = {isa = PBXBuildFile; fileRef = FCEDBEC9270E0903002C0066 /* HeadingView.swift */; };
		FCEDBECD270E0BC4002C0066 /* InsetGalleryView.swift in Sources */ = {isa = PBXBuildFile; fileRef = FCEDBECC270E0BC4002C0066 /* InsetGalleryView.swift */; };
		FCEDBED027109996002C0066 /* InsetFactView.swift in Sources */ = {isa = PBXBuildFile; fileRef = FCEDBECF27109996002C0066 /* InsetFactView.swift */; };
		FCEDBED327109EC9002C0066 /* InsetMapView.swift in Sources */ = {isa = PBXBuildFile; fileRef = FCEDBED227109EC9002C0066 /* InsetMapView.swift */; };
		FCEDBED62710A2E8002C0066 /* ExternalWeblinkView.swift in Sources */ = {isa = PBXBuildFile; fileRef = FCEDBED52710A2E8002C0066 /* ExternalWeblinkView.swift */; };
		FCEDBED92719D366002C0066 /* VideoModel.swift in Sources */ = {isa = PBXBuildFile; fileRef = FCEDBED82719D366002C0066 /* VideoModel.swift */; };
		FCEDBEDC2719D3CE002C0066 /* VideoListItemView.swift in Sources */ = {isa = PBXBuildFile; fileRef = FCEDBEDB2719D3CE002C0066 /* VideoListItemView.swift */; };
/* End PBXBuildFile section */

/* Begin PBXContainerItemProxy section */
		FC630200273D89B1003ADA6F /* PBXContainerItemProxy */ = {
			isa = PBXContainerItemProxy;
			containerPortal = FCBC3B6F2706DD4400872829 /* Project object */;
			proxyType = 1;
			remoteGlobalIDString = FC6301FA273D89AF003ADA6F;
			remoteInfo = Stickers;
		};
/* End PBXContainerItemProxy section */

/* Begin PBXCopyFilesBuildPhase section */
		FC6301EA273D84FF003ADA6F /* Embed App Extensions */ = {
			isa = PBXCopyFilesBuildPhase;
			buildActionMask = 2147483647;
			dstPath = "";
			dstSubfolderSpec = 13;
			files = (
				FC630202273D89B1003ADA6F /* Stickers.appex in Embed App Extensions */,
			);
			name = "Embed App Extensions";
			runOnlyForDeploymentPostprocessing = 0;
		};
/* End PBXCopyFilesBuildPhase section */

/* Begin PBXFileReference section */
		FC5067042721C3FD00A1DFDD /* VideoPlayerView.swift */ = {isa = PBXFileReference; lastKnownFileType = sourcecode.swift; path = VideoPlayerView.swift; sourceTree = "<group>"; };
		FC5067082721C50800A1DFDD /* VideoPlayerHelper.swift */ = {isa = PBXFileReference; lastKnownFileType = sourcecode.swift; path = VideoPlayerHelper.swift; sourceTree = "<group>"; };
		FC5BA34A2731784700C3EE89 /* MotionAnimationView.swift */ = {isa = PBXFileReference; lastKnownFileType = sourcecode.swift; path = MotionAnimationView.swift; sourceTree = "<group>"; };
		FC6301D02737C3BE003ADA6F /* AnimalGridItemView.swift */ = {isa = PBXFileReference; lastKnownFileType = sourcecode.swift; path = AnimalGridItemView.swift; sourceTree = "<group>"; };
		FC6301D9273D84FD003ADA6F /* Messages.framework */ = {isa = PBXFileReference; lastKnownFileType = wrapper.framework; name = Messages.framework; path = System/Library/Frameworks/Messages.framework; sourceTree = SDKROOT; };
		FC6301F3273D8820003ADA6F /* CreditsView.swift */ = {isa = PBXFileReference; lastKnownFileType = sourcecode.swift; path = CreditsView.swift; sourceTree = "<group>"; };
		FC6301FB273D89AF003ADA6F /* Stickers.appex */ = {isa = PBXFileReference; explicitFileType = "wrapper.app-extension"; includeInIndex = 0; path = Stickers.appex; sourceTree = BUILT_PRODUCTS_DIR; };
		FC6301FD273D89B1003ADA6F /* Stickers.xcassets */ = {isa = PBXFileReference; lastKnownFileType = folder.assetcatalog; path = Stickers.xcassets; sourceTree = "<group>"; };
		FC6301FF273D89B1003ADA6F /* Info.plist */ = {isa = PBXFileReference; lastKnownFileType = text.plist.xml; path = Info.plist; sourceTree = "<group>"; };
		FC63020B273D8B9B003ADA6F /* CenterModifier.swift */ = {isa = PBXFileReference; lastKnownFileType = sourcecode.swift; path = CenterModifier.swift; sourceTree = "<group>"; };
		FC630211273D8F4A003ADA6F /* Africa.entitlements */ = {isa = PBXFileReference; lastKnownFileType = text.plist.entitlements; path = Africa.entitlements; sourceTree = "<group>"; };
		FC630214273D900E003ADA6F /* SwiftUI.framework */ = {isa = PBXFileReference; lastKnownFileType = wrapper.framework; name = SwiftUI.framework; path = Platforms/MacOSX.platform/Developer/SDKs/MacOSX11.1.sdk/System/iOSSupport/System/Library/Frameworks/SwiftUI.framework; sourceTree = DEVELOPER_DIR; };
		FC6A34E227292CF000D09884 /* MapAnnotationView.swift */ = {isa = PBXFileReference; lastKnownFileType = sourcecode.swift; path = MapAnnotationView.swift; sourceTree = "<group>"; };
		FC6CE9D82728679E0087A11E /* LocationModel.swift */ = {isa = PBXFileReference; lastKnownFileType = sourcecode.swift; path = LocationModel.swift; sourceTree = "<group>"; };
		FCBC3B772706DD4400872829 /* Africa.app */ = {isa = PBXFileReference; explicitFileType = wrapper.application; includeInIndex = 0; path = Africa.app; sourceTree = BUILT_PRODUCTS_DIR; };
		FCBC3B7A2706DD4400872829 /* AfricaApp.swift */ = {isa = PBXFileReference; lastKnownFileType = sourcecode.swift; path = AfricaApp.swift; sourceTree = "<group>"; };
		FCBC3B7C2706DD4400872829 /* ContentView.swift */ = {isa = PBXFileReference; lastKnownFileType = sourcecode.swift; path = ContentView.swift; sourceTree = "<group>"; };
		FCBC3B7E2706DD4900872829 /* Assets.xcassets */ = {isa = PBXFileReference; lastKnownFileType = folder.assetcatalog; path = Assets.xcassets; sourceTree = "<group>"; };
		FCBC3B812706DD4900872829 /* Preview Assets.xcassets */ = {isa = PBXFileReference; lastKnownFileType = folder.assetcatalog; path = "Preview Assets.xcassets"; sourceTree = "<group>"; };
		FCBC3B832706DD4900872829 /* Info.plist */ = {isa = PBXFileReference; lastKnownFileType = text.plist.xml; path = Info.plist; sourceTree = "<group>"; };
		FCBC3B8B27076C2500872829 /* hippo.mp4 */ = {isa = PBXFileReference; lastKnownFileType = file; path = hippo.mp4; sourceTree = "<group>"; };
		FCBC3B8C27076C2600872829 /* cheetah.mp4 */ = {isa = PBXFileReference; lastKnownFileType = file; path = cheetah.mp4; sourceTree = "<group>"; };
		FCBC3B8D27076C2600872829 /* gorilla.mp4 */ = {isa = PBXFileReference; lastKnownFileType = file; path = gorilla.mp4; sourceTree = "<group>"; };
		FCBC3B8E27076C2700872829 /* lion.mp4 */ = {isa = PBXFileReference; lastKnownFileType = file; path = lion.mp4; sourceTree = "<group>"; };
		FCBC3B8F27076C2800872829 /* rhino.mp4 */ = {isa = PBXFileReference; lastKnownFileType = file; path = rhino.mp4; sourceTree = "<group>"; };
		FCBC3B9027076C2900872829 /* giraffe.mp4 */ = {isa = PBXFileReference; lastKnownFileType = file; path = giraffe.mp4; sourceTree = "<group>"; };
		FCBC3B9127076C2A00872829 /* ostrich.mp4 */ = {isa = PBXFileReference; lastKnownFileType = file; path = ostrich.mp4; sourceTree = "<group>"; };
		FCBC3B9227076C2B00872829 /* zebra.mp4 */ = {isa = PBXFileReference; lastKnownFileType = file; path = zebra.mp4; sourceTree = "<group>"; };
		FCBC3B9327076C2C00872829 /* lioness.mp4 */ = {isa = PBXFileReference; lastKnownFileType = file; path = lioness.mp4; sourceTree = "<group>"; };
		FCBC3B9427076C2D00872829 /* elephant.mp4 */ = {isa = PBXFileReference; lastKnownFileType = file; path = elephant.mp4; sourceTree = "<group>"; };
		FCBC3BA1270895D000872829 /* locations.json */ = {isa = PBXFileReference; fileEncoding = 4; lastKnownFileType = text.json; path = locations.json; sourceTree = "<group>"; };
		FCBC3BA2270895D100872829 /* videos.json */ = {isa = PBXFileReference; fileEncoding = 4; lastKnownFileType = text.json; path = videos.json; sourceTree = "<group>"; };
		FCBC3BA3270895D100872829 /* animals.json */ = {isa = PBXFileReference; fileEncoding = 4; lastKnownFileType = text.json; path = animals.json; sourceTree = "<group>"; };
		FCBC3BA4270895D200872829 /* covers.json */ = {isa = PBXFileReference; fileEncoding = 4; lastKnownFileType = text.json; path = covers.json; sourceTree = "<group>"; };
		FCBC3BAC2708995600872829 /* VideoListView.swift */ = {isa = PBXFileReference; lastKnownFileType = sourcecode.swift; path = VideoListView.swift; sourceTree = "<group>"; };
		FCBC3BAF2708996B00872829 /* MapView.swift */ = {isa = PBXFileReference; lastKnownFileType = sourcecode.swift; path = MapView.swift; sourceTree = "<group>"; };
		FCBC3BB22708998200872829 /* GalleryView.swift */ = {isa = PBXFileReference; lastKnownFileType = sourcecode.swift; path = GalleryView.swift; sourceTree = "<group>"; };
		FCBC3BB52708999B00872829 /* MainView.swift */ = {isa = PBXFileReference; lastKnownFileType = sourcecode.swift; path = MainView.swift; sourceTree = "<group>"; };
		FCBC3BB92709F70900872829 /* CoverImageView.swift */ = {isa = PBXFileReference; lastKnownFileType = sourcecode.swift; path = CoverImageView.swift; sourceTree = "<group>"; };
		FCBC3BBE2709F8E400872829 /* CoverImageModel.swift */ = {isa = PBXFileReference; lastKnownFileType = sourcecode.swift; path = CoverImageModel.swift; sourceTree = "<group>"; };
		FCBC3BC32709F9A600872829 /* CodableBundleExtension.swift */ = {isa = PBXFileReference; lastKnownFileType = sourcecode.swift; path = CodableBundleExtension.swift; sourceTree = "<group>"; };
		FCBC3BC7270B02EF00872829 /* AnimalListItemView.swift */ = {isa = PBXFileReference; lastKnownFileType = sourcecode.swift; path = AnimalListItemView.swift; sourceTree = "<group>"; };
		FCBC3BCA270B04B200872829 /* AnimalModel.swift */ = {isa = PBXFileReference; lastKnownFileType = sourcecode.swift; path = AnimalModel.swift; sourceTree = "<group>"; };
		FCBC3BCD270E065D00872829 /* AnimalDetailView.swift */ = {isa = PBXFileReference; lastKnownFileType = sourcecode.swift; path = AnimalDetailView.swift; sourceTree = "<group>"; };
		FCEDBEC9270E0903002C0066 /* HeadingView.swift */ = {isa = PBXFileReference; lastKnownFileType = sourcecode.swift; path = HeadingView.swift; sourceTree = "<group>"; };
		FCEDBECC270E0BC4002C0066 /* InsetGalleryView.swift */ = {isa = PBXFileReference; lastKnownFileType = sourcecode.swift; path = InsetGalleryView.swift; sourceTree = "<group>"; };
		FCEDBECF27109996002C0066 /* InsetFactView.swift */ = {isa = PBXFileReference; lastKnownFileType = sourcecode.swift; path = InsetFactView.swift; sourceTree = "<group>"; };
		FCEDBED227109EC9002C0066 /* InsetMapView.swift */ = {isa = PBXFileReference; lastKnownFileType = sourcecode.swift; path = InsetMapView.swift; sourceTree = "<group>"; };
		FCEDBED52710A2E8002C0066 /* ExternalWeblinkView.swift */ = {isa = PBXFileReference; lastKnownFileType = sourcecode.swift; path = ExternalWeblinkView.swift; sourceTree = "<group>"; };
		FCEDBED82719D366002C0066 /* VideoModel.swift */ = {isa = PBXFileReference; lastKnownFileType = sourcecode.swift; path = VideoModel.swift; sourceTree = "<group>"; };
		FCEDBEDB2719D3CE002C0066 /* VideoListItemView.swift */ = {isa = PBXFileReference; lastKnownFileType = sourcecode.swift; path = VideoListItemView.swift; sourceTree = "<group>"; };
/* End PBXFileReference section */

/* Begin PBXFrameworksBuildPhase section */
		FCBC3B742706DD4400872829 /* Frameworks */ = {
			isa = PBXFrameworksBuildPhase;
			buildActionMask = 2147483647;
			files = (
			);
			runOnlyForDeploymentPostprocessing = 0;
		};
/* End PBXFrameworksBuildPhase section */

/* Begin PBXGroup section */
		FC5067072721C4F400A1DFDD /* Helper */ = {
			isa = PBXGroup;
			children = (
				FC5067082721C50800A1DFDD /* VideoPlayerHelper.swift */,
			);
			path = Helper;
			sourceTree = "<group>";
		};
		FC6301D8273D84FD003ADA6F /* Frameworks */ = {
			isa = PBXGroup;
			children = (
				FC630214273D900E003ADA6F /* SwiftUI.framework */,
				FC6301D9273D84FD003ADA6F /* Messages.framework */,
			);
			name = Frameworks;
			sourceTree = "<group>";
		};
		FC6301FC273D89AF003ADA6F /* Stickers */ = {
			isa = PBXGroup;
			children = (
				FC6301FD273D89B1003ADA6F /* Stickers.xcassets */,
				FC6301FF273D89B1003ADA6F /* Info.plist */,
			);
			path = Stickers;
			sourceTree = "<group>";
		};
		FC63020A273D8B8A003ADA6F /* Modifier */ = {
			isa = PBXGroup;
			children = (
				FC63020B273D8B9B003ADA6F /* CenterModifier.swift */,
			);
			path = Modifier;
			sourceTree = "<group>";
		};
		FCBC3B6E2706DD4400872829 = {
			isa = PBXGroup;
			children = (
				FCBC3B792706DD4400872829 /* Africa */,
				FC6301FC273D89AF003ADA6F /* Stickers */,
				FC6301D8273D84FD003ADA6F /* Frameworks */,
				FCBC3B782706DD4400872829 /* Products */,
			);
			sourceTree = "<group>";
		};
		FCBC3B782706DD4400872829 /* Products */ = {
			isa = PBXGroup;
			children = (
				FCBC3B772706DD4400872829 /* Africa.app */,
				FC6301FB273D89AF003ADA6F /* Stickers.appex */,
			);
			name = Products;
			sourceTree = "<group>";
		};
		FCBC3B792706DD4400872829 /* Africa */ = {
			isa = PBXGroup;
			children = (
				FC630211273D8F4A003ADA6F /* Africa.entitlements */,
				FC63020A273D8B8A003ADA6F /* Modifier */,
				FC5067072721C4F400A1DFDD /* Helper */,
				FCBC3BC22709F99300872829 /* Extension */,
				FCBC3BBD2709F8D500872829 /* Model */,
				FCBC3BB82709F6F900872829 /* View */,
				FCBC3BA02708955800872829 /* Data */,
				FCBC3B8A27076BF700872829 /* Video */,
				FCBC3BAA2708991600872829 /* App */,
				FCBC3B7E2706DD4900872829 /* Assets.xcassets */,
				FCBC3B832706DD4900872829 /* Info.plist */,
				FCBC3B802706DD4900872829 /* Preview Content */,
			);
			path = Africa;
			sourceTree = "<group>";
		};
		FCBC3B802706DD4900872829 /* Preview Content */ = {
			isa = PBXGroup;
			children = (
				FCBC3B812706DD4900872829 /* Preview Assets.xcassets */,
			);
			path = "Preview Content";
			sourceTree = "<group>";
		};
		FCBC3B8A27076BF700872829 /* Video */ = {
			isa = PBXGroup;
			children = (
				FCBC3B8C27076C2600872829 /* cheetah.mp4 */,
				FCBC3B9427076C2D00872829 /* elephant.mp4 */,
				FCBC3B9027076C2900872829 /* giraffe.mp4 */,
				FCBC3B8D27076C2600872829 /* gorilla.mp4 */,
				FCBC3B8B27076C2500872829 /* hippo.mp4 */,
				FCBC3B8E27076C2700872829 /* lion.mp4 */,
				FCBC3B9327076C2C00872829 /* lioness.mp4 */,
				FCBC3B9127076C2A00872829 /* ostrich.mp4 */,
				FCBC3B8F27076C2800872829 /* rhino.mp4 */,
				FCBC3B9227076C2B00872829 /* zebra.mp4 */,
			);
			path = Video;
			sourceTree = "<group>";
		};
		FCBC3BA02708955800872829 /* Data */ = {
			isa = PBXGroup;
			children = (
				FCBC3BA3270895D100872829 /* animals.json */,
				FCBC3BA4270895D200872829 /* covers.json */,
				FCBC3BA1270895D000872829 /* locations.json */,
				FCBC3BA2270895D100872829 /* videos.json */,
			);
			path = Data;
			sourceTree = "<group>";
		};
		FCBC3BAA2708991600872829 /* App */ = {
			isa = PBXGroup;
			children = (
				FCBC3B7A2706DD4400872829 /* AfricaApp.swift */,
				FCBC3B7C2706DD4400872829 /* ContentView.swift */,
				FCBC3BAC2708995600872829 /* VideoListView.swift */,
				FCBC3BAF2708996B00872829 /* MapView.swift */,
				FCBC3BB22708998200872829 /* GalleryView.swift */,
				FCBC3BB52708999B00872829 /* MainView.swift */,
			);
			path = App;
			sourceTree = "<group>";
		};
		FCBC3BB82709F6F900872829 /* View */ = {
			isa = PBXGroup;
			children = (
				FCBC3BB92709F70900872829 /* CoverImageView.swift */,
				FCBC3BC7270B02EF00872829 /* AnimalListItemView.swift */,
				FCBC3BCD270E065D00872829 /* AnimalDetailView.swift */,
				FCEDBEC9270E0903002C0066 /* HeadingView.swift */,
				FCEDBECC270E0BC4002C0066 /* InsetGalleryView.swift */,
				FCEDBECF27109996002C0066 /* InsetFactView.swift */,
				FCEDBED227109EC9002C0066 /* InsetMapView.swift */,
				FCEDBED52710A2E8002C0066 /* ExternalWeblinkView.swift */,
				FCEDBEDB2719D3CE002C0066 /* VideoListItemView.swift */,
				FC5067042721C3FD00A1DFDD /* VideoPlayerView.swift */,
				FC6A34E227292CF000D09884 /* MapAnnotationView.swift */,
				FC5BA34A2731784700C3EE89 /* MotionAnimationView.swift */,
				FC6301D02737C3BE003ADA6F /* AnimalGridItemView.swift */,
				FC6301F3273D8820003ADA6F /* CreditsView.swift */,
			);
			path = View;
			sourceTree = "<group>";
		};
		FCBC3BBD2709F8D500872829 /* Model */ = {
			isa = PBXGroup;
			children = (
				FCBC3BBE2709F8E400872829 /* CoverImageModel.swift */,
				FCBC3BCA270B04B200872829 /* AnimalModel.swift */,
				FCEDBED82719D366002C0066 /* VideoModel.swift */,
				FC6CE9D82728679E0087A11E /* LocationModel.swift */,
			);
			path = Model;
			sourceTree = "<group>";
		};
		FCBC3BC22709F99300872829 /* Extension */ = {
			isa = PBXGroup;
			children = (
				FCBC3BC32709F9A600872829 /* CodableBundleExtension.swift */,
			);
			path = Extension;
			sourceTree = "<group>";
		};
/* End PBXGroup section */

/* Begin PBXNativeTarget section */
		FC6301FA273D89AF003ADA6F /* Stickers */ = {
			isa = PBXNativeTarget;
			buildConfigurationList = FC630203273D89B1003ADA6F /* Build configuration list for PBXNativeTarget "Stickers" */;
			buildPhases = (
				FC6301F9273D89AF003ADA6F /* Resources */,
			);
			buildRules = (
			);
			dependencies = (
			);
			name = Stickers;
			productName = Stickers;
			productReference = FC6301FB273D89AF003ADA6F /* Stickers.appex */;
			productType = "com.apple.product-type.app-extension.messages-sticker-pack";
		};
		FCBC3B762706DD4400872829 /* Africa */ = {
			isa = PBXNativeTarget;
			buildConfigurationList = FCBC3B862706DD4900872829 /* Build configuration list for PBXNativeTarget "Africa" */;
			buildPhases = (
				FCBC3B732706DD4400872829 /* Sources */,
				FCBC3B742706DD4400872829 /* Frameworks */,
				FCBC3B752706DD4400872829 /* Resources */,
				FC6301EA273D84FF003ADA6F /* Embed App Extensions */,
			);
			buildRules = (
			);
			dependencies = (
				FC630201273D89B1003ADA6F /* PBXTargetDependency */,
			);
			name = Africa;
			productName = Africa;
			productReference = FCBC3B772706DD4400872829 /* Africa.app */;
			productType = "com.apple.product-type.application";
		};
/* End PBXNativeTarget section */

/* Begin PBXProject section */
		FCBC3B6F2706DD4400872829 /* Project object */ = {
			isa = PBXProject;
			attributes = {
				LastSwiftUpdateCheck = 1240;
				LastUpgradeCheck = 1240;
				TargetAttributes = {
					FC6301FA273D89AF003ADA6F = {
						CreatedOnToolsVersion = 12.4;
					};
					FCBC3B762706DD4400872829 = {
						CreatedOnToolsVersion = 12.4;
					};
				};
			};
			buildConfigurationList = FCBC3B722706DD4400872829 /* Build configuration list for PBXProject "Africa" */;
			compatibilityVersion = "Xcode 9.3";
			developmentRegion = en;
			hasScannedForEncodings = 0;
			knownRegions = (
				en,
				Base,
			);
			mainGroup = FCBC3B6E2706DD4400872829;
			productRefGroup = FCBC3B782706DD4400872829 /* Products */;
			projectDirPath = "";
			projectRoot = "";
			targets = (
				FCBC3B762706DD4400872829 /* Africa */,
				FC6301FA273D89AF003ADA6F /* Stickers */,
			);
		};
/* End PBXProject section */

/* Begin PBXResourcesBuildPhase section */
		FC6301F9273D89AF003ADA6F /* Resources */ = {
			isa = PBXResourcesBuildPhase;
			buildActionMask = 2147483647;
			files = (
				FC6301FE273D89B1003ADA6F /* Stickers.xcassets in Resources */,
			);
			runOnlyForDeploymentPostprocessing = 0;
		};
		FCBC3B752706DD4400872829 /* Resources */ = {
			isa = PBXResourcesBuildPhase;
			buildActionMask = 2147483647;
			files = (
				FCBC3BA7270895D200872829 /* animals.json in Resources */,
				FCBC3BA5270895D200872829 /* locations.json in Resources */,
				FCBC3B9627076C2D00872829 /* cheetah.mp4 in Resources */,
				FCBC3B9D27076C2D00872829 /* lioness.mp4 in Resources */,
				FCBC3BA6270895D200872829 /* videos.json in Resources */,
				FCBC3BA8270895D200872829 /* covers.json in Resources */,
				FCBC3B9827076C2D00872829 /* lion.mp4 in Resources */,
				FCBC3B822706DD4900872829 /* Preview Assets.xcassets in Resources */,
				FCBC3B9B27076C2D00872829 /* ostrich.mp4 in Resources */,
				FCBC3B9727076C2D00872829 /* gorilla.mp4 in Resources */,
				FCBC3B9927076C2D00872829 /* rhino.mp4 in Resources */,
				FCBC3B9C27076C2D00872829 /* zebra.mp4 in Resources */,
				FCBC3B9E27076C2D00872829 /* elephant.mp4 in Resources */,
				FCBC3B9527076C2D00872829 /* hippo.mp4 in Resources */,
				FCBC3B9A27076C2D00872829 /* giraffe.mp4 in Resources */,
				FCBC3B7F2706DD4900872829 /* Assets.xcassets in Resources */,
			);
			runOnlyForDeploymentPostprocessing = 0;
		};
/* End PBXResourcesBuildPhase section */

/* Begin PBXSourcesBuildPhase section */
		FCBC3B732706DD4400872829 /* Sources */ = {
			isa = PBXSourcesBuildPhase;
			buildActionMask = 2147483647;
			files = (
				FCEDBED62710A2E8002C0066 /* ExternalWeblinkView.swift in Sources */,
				FCBC3B7D2706DD4400872829 /* ContentView.swift in Sources */,
				FCBC3BCE270E065D00872829 /* AnimalDetailView.swift in Sources */,
				FCBC3BC8270B02EF00872829 /* AnimalListItemView.swift in Sources */,
				FCEDBED027109996002C0066 /* InsetFactView.swift in Sources */,
				FCBC3BB62708999B00872829 /* MainView.swift in Sources */,
				FCBC3BBA2709F70900872829 /* CoverImageView.swift in Sources */,
				FCBC3BBF2709F8E400872829 /* CoverImageModel.swift in Sources */,
				FCBC3BCB270B04B200872829 /* AnimalModel.swift in Sources */,
				FCBC3BB02708996B00872829 /* MapView.swift in Sources */,
				FC5067092721C50800A1DFDD /* VideoPlayerHelper.swift in Sources */,
				FCEDBED327109EC9002C0066 /* InsetMapView.swift in Sources */,
				FCBC3B7B2706DD4400872829 /* AfricaApp.swift in Sources */,
				FC6A34E327292CF000D09884 /* MapAnnotationView.swift in Sources */,
				FCBC3BAD2708995600872829 /* VideoListView.swift in Sources */,
				FCEDBED92719D366002C0066 /* VideoModel.swift in Sources */,
				FCBC3BB32708998200872829 /* GalleryView.swift in Sources */,
				FC6CE9D92728679E0087A11E /* LocationModel.swift in Sources */,
				FC6301D12737C3BE003ADA6F /* AnimalGridItemView.swift in Sources */,
				FCEDBECD270E0BC4002C0066 /* InsetGalleryView.swift in Sources */,
				FCEDBEDC2719D3CE002C0066 /* VideoListItemView.swift in Sources */,
				FC6301F4273D8820003ADA6F /* CreditsView.swift in Sources */,
				FCBC3BC42709F9A600872829 /* CodableBundleExtension.swift in Sources */,
				FC5BA34B2731784700C3EE89 /* MotionAnimationView.swift in Sources */,
				FC63020C273D8B9B003ADA6F /* CenterModifier.swift in Sources */,
				FCEDBECA270E0903002C0066 /* HeadingView.swift in Sources */,
				FC5067052721C3FD00A1DFDD /* VideoPlayerView.swift in Sources */,
			);
			runOnlyForDeploymentPostprocessing = 0;
		};
/* End PBXSourcesBuildPhase section */

/* Begin PBXTargetDependency section */
		FC630201273D89B1003ADA6F /* PBXTargetDependency */ = {
			isa = PBXTargetDependency;
			platformFilter = ios;
			target = FC6301FA273D89AF003ADA6F /* Stickers */;
			targetProxy = FC630200273D89B1003ADA6F /* PBXContainerItemProxy */;
		};
/* End PBXTargetDependency section */

/* Begin XCBuildConfiguration section */
		FC630204273D89B1003ADA6F /* Debug */ = {
			isa = XCBuildConfiguration;
			buildSettings = {
				ASSETCATALOG_COMPILER_APPICON_NAME = "iMessage App Icon";
				CODE_SIGN_STYLE = Automatic;
				DEVELOPMENT_TEAM = 892KGV2B93;
				INFOPLIST_FILE = Stickers/Info.plist;
				IPHONEOS_DEPLOYMENT_TARGET = 10.0;
				PRODUCT_BUNDLE_IDENTIFIER = "com.delet-dis.Africa.Stickers";
				PRODUCT_NAME = "$(TARGET_NAME)";
				SKIP_INSTALL = YES;
				SUPPORTS_MACCATALYST = NO;
				TARGETED_DEVICE_FAMILY = "1,2";
			};
			name = Debug;
		};
		FC630205273D89B1003ADA6F /* Release */ = {
			isa = XCBuildConfiguration;
			buildSettings = {
				ASSETCATALOG_COMPILER_APPICON_NAME = "iMessage App Icon";
				CODE_SIGN_STYLE = Automatic;
				DEVELOPMENT_TEAM = 892KGV2B93;
				INFOPLIST_FILE = Stickers/Info.plist;
				IPHONEOS_DEPLOYMENT_TARGET = 10.0;
				PRODUCT_BUNDLE_IDENTIFIER = "com.delet-dis.Africa.Stickers";
				PRODUCT_NAME = "$(TARGET_NAME)";
				SKIP_INSTALL = YES;
				SUPPORTS_MACCATALYST = NO;
				TARGETED_DEVICE_FAMILY = "1,2";
			};
			name = Release;
		};
		FCBC3B842706DD4900872829 /* Debug */ = {
			isa = XCBuildConfiguration;
			buildSettings = {
				ALWAYS_SEARCH_USER_PATHS = NO;
				CLANG_ANALYZER_NONNULL = YES;
				CLANG_ANALYZER_NUMBER_OBJECT_CONVERSION = YES_AGGRESSIVE;
				CLANG_CXX_LANGUAGE_STANDARD = "gnu++14";
				CLANG_CXX_LIBRARY = "libc++";
				CLANG_ENABLE_MODULES = YES;
				CLANG_ENABLE_OBJC_ARC = YES;
				CLANG_ENABLE_OBJC_WEAK = YES;
				CLANG_WARN_BLOCK_CAPTURE_AUTORELEASING = YES;
				CLANG_WARN_BOOL_CONVERSION = YES;
				CLANG_WARN_COMMA = YES;
				CLANG_WARN_CONSTANT_CONVERSION = YES;
				CLANG_WARN_DEPRECATED_OBJC_IMPLEMENTATIONS = YES;
				CLANG_WARN_DIRECT_OBJC_ISA_USAGE = YES_ERROR;
				CLANG_WARN_DOCUMENTATION_COMMENTS = YES;
				CLANG_WARN_EMPTY_BODY = YES;
				CLANG_WARN_ENUM_CONVERSION = YES;
				CLANG_WARN_INFINITE_RECURSION = YES;
				CLANG_WARN_INT_CONVERSION = YES;
				CLANG_WARN_NON_LITERAL_NULL_CONVERSION = YES;
				CLANG_WARN_OBJC_IMPLICIT_RETAIN_SELF = YES;
				CLANG_WARN_OBJC_LITERAL_CONVERSION = YES;
				CLANG_WARN_OBJC_ROOT_CLASS = YES_ERROR;
				CLANG_WARN_QUOTED_INCLUDE_IN_FRAMEWORK_HEADER = YES;
				CLANG_WARN_RANGE_LOOP_ANALYSIS = YES;
				CLANG_WARN_STRICT_PROTOTYPES = YES;
				CLANG_WARN_SUSPICIOUS_MOVE = YES;
				CLANG_WARN_UNGUARDED_AVAILABILITY = YES_AGGRESSIVE;
				CLANG_WARN_UNREACHABLE_CODE = YES;
				CLANG_WARN__DUPLICATE_METHOD_MATCH = YES;
				COPY_PHASE_STRIP = NO;
				DEBUG_INFORMATION_FORMAT = dwarf;
				ENABLE_STRICT_OBJC_MSGSEND = YES;
				ENABLE_TESTABILITY = YES;
				GCC_C_LANGUAGE_STANDARD = gnu11;
				GCC_DYNAMIC_NO_PIC = NO;
				GCC_NO_COMMON_BLOCKS = YES;
				GCC_OPTIMIZATION_LEVEL = 0;
				GCC_PREPROCESSOR_DEFINITIONS = (
					"DEBUG=1",
					"$(inherited)",
				);
				GCC_WARN_64_TO_32_BIT_CONVERSION = YES;
				GCC_WARN_ABOUT_RETURN_TYPE = YES_ERROR;
				GCC_WARN_UNDECLARED_SELECTOR = YES;
				GCC_WARN_UNINITIALIZED_AUTOS = YES_AGGRESSIVE;
				GCC_WARN_UNUSED_FUNCTION = YES;
				GCC_WARN_UNUSED_VARIABLE = YES;
				IPHONEOS_DEPLOYMENT_TARGET = 14.4;
				MTL_ENABLE_DEBUG_INFO = INCLUDE_SOURCE;
				MTL_FAST_MATH = YES;
				ONLY_ACTIVE_ARCH = YES;
				SDKROOT = iphoneos;
				SWIFT_ACTIVE_COMPILATION_CONDITIONS = DEBUG;
				SWIFT_OPTIMIZATION_LEVEL = "-Onone";
			};
			name = Debug;
		};
		FCBC3B852706DD4900872829 /* Release */ = {
			isa = XCBuildConfiguration;
			buildSettings = {
				ALWAYS_SEARCH_USER_PATHS = NO;
				CLANG_ANALYZER_NONNULL = YES;
				CLANG_ANALYZER_NUMBER_OBJECT_CONVERSION = YES_AGGRESSIVE;
				CLANG_CXX_LANGUAGE_STANDARD = "gnu++14";
				CLANG_CXX_LIBRARY = "libc++";
				CLANG_ENABLE_MODULES = YES;
				CLANG_ENABLE_OBJC_ARC = YES;
				CLANG_ENABLE_OBJC_WEAK = YES;
				CLANG_WARN_BLOCK_CAPTURE_AUTORELEASING = YES;
				CLANG_WARN_BOOL_CONVERSION = YES;
				CLANG_WARN_COMMA = YES;
				CLANG_WARN_CONSTANT_CONVERSION = YES;
				CLANG_WARN_DEPRECATED_OBJC_IMPLEMENTATIONS = YES;
				CLANG_WARN_DIRECT_OBJC_ISA_USAGE = YES_ERROR;
				CLANG_WARN_DOCUMENTATION_COMMENTS = YES;
				CLANG_WARN_EMPTY_BODY = YES;
				CLANG_WARN_ENUM_CONVERSION = YES;
				CLANG_WARN_INFINITE_RECURSION = YES;
				CLANG_WARN_INT_CONVERSION = YES;
				CLANG_WARN_NON_LITERAL_NULL_CONVERSION = YES;
				CLANG_WARN_OBJC_IMPLICIT_RETAIN_SELF = YES;
				CLANG_WARN_OBJC_LITERAL_CONVERSION = YES;
				CLANG_WARN_OBJC_ROOT_CLASS = YES_ERROR;
				CLANG_WARN_QUOTED_INCLUDE_IN_FRAMEWORK_HEADER = YES;
				CLANG_WARN_RANGE_LOOP_ANALYSIS = YES;
				CLANG_WARN_STRICT_PROTOTYPES = YES;
				CLANG_WARN_SUSPICIOUS_MOVE = YES;
				CLANG_WARN_UNGUARDED_AVAILABILITY = YES_AGGRESSIVE;
				CLANG_WARN_UNREACHABLE_CODE = YES;
				CLANG_WARN__DUPLICATE_METHOD_MATCH = YES;
				COPY_PHASE_STRIP = NO;
				DEBUG_INFORMATION_FORMAT = "dwarf-with-dsym";
				ENABLE_NS_ASSERTIONS = NO;
				ENABLE_STRICT_OBJC_MSGSEND = YES;
				GCC_C_LANGUAGE_STANDARD = gnu11;
				GCC_NO_COMMON_BLOCKS = YES;
				GCC_WARN_64_TO_32_BIT_CONVERSION = YES;
				GCC_WARN_ABOUT_RETURN_TYPE = YES_ERROR;
				GCC_WARN_UNDECLARED_SELECTOR = YES;
				GCC_WARN_UNINITIALIZED_AUTOS = YES_AGGRESSIVE;
				GCC_WARN_UNUSED_FUNCTION = YES;
				GCC_WARN_UNUSED_VARIABLE = YES;
				IPHONEOS_DEPLOYMENT_TARGET = 14.4;
				MTL_ENABLE_DEBUG_INFO = NO;
				MTL_FAST_MATH = YES;
				SDKROOT = iphoneos;
				SWIFT_COMPILATION_MODE = wholemodule;
				SWIFT_OPTIMIZATION_LEVEL = "-O";
				VALIDATE_PRODUCT = YES;
			};
			name = Release;
		};
		FCBC3B872706DD4900872829 /* Debug */ = {
			isa = XCBuildConfiguration;
			buildSettings = {
				ALWAYS_EMBED_SWIFT_STANDARD_LIBRARIES = YES;
				ASSETCATALOG_COMPILER_APPICON_NAME = AppIcon;
				ASSETCATALOG_COMPILER_GLOBAL_ACCENT_COLOR_NAME = AccentColor;
				CODE_SIGN_ENTITLEMENTS = Africa/Africa.entitlements;
				CODE_SIGN_STYLE = Automatic;
				DEVELOPMENT_ASSET_PATHS = "\"Africa/Preview Content\"";
				DEVELOPMENT_TEAM = 892KGV2B93;
				ENABLE_PREVIEWS = YES;
				INFOPLIST_FILE = Africa/Info.plist;
				IPHONEOS_DEPLOYMENT_TARGET = 14.0;
				LD_RUNPATH_SEARCH_PATHS = (
					"$(inherited)",
					"@executable_path/Frameworks",
				);
				PRODUCT_BUNDLE_IDENTIFIER = "com.delet-dis.Africa";
				PRODUCT_NAME = "$(TARGET_NAME)";
				SUPPORTS_MACCATALYST = YES;
				SWIFT_VERSION = 5.0;
				TARGETED_DEVICE_FAMILY = "1,2";
			};
			name = Debug;
		};
		FCBC3B882706DD4900872829 /* Release */ = {
			isa = XCBuildConfiguration;
			buildSettings = {
				ALWAYS_EMBED_SWIFT_STANDARD_LIBRARIES = YES;
				ASSETCATALOG_COMPILER_APPICON_NAME = AppIcon;
				ASSETCATALOG_COMPILER_GLOBAL_ACCENT_COLOR_NAME = AccentColor;
				CODE_SIGN_ENTITLEMENTS = Africa/Africa.entitlements;
				CODE_SIGN_STYLE = Automatic;
				DEVELOPMENT_ASSET_PATHS = "\"Africa/Preview Content\"";
				DEVELOPMENT_TEAM = 892KGV2B93;
				ENABLE_PREVIEWS = YES;
				INFOPLIST_FILE = Africa/Info.plist;
				IPHONEOS_DEPLOYMENT_TARGET = 14.0;
				LD_RUNPATH_SEARCH_PATHS = (
					"$(inherited)",
					"@executable_path/Frameworks",
				);
				PRODUCT_BUNDLE_IDENTIFIER = "com.delet-dis.Africa";
				PRODUCT_NAME = "$(TARGET_NAME)";
				SUPPORTS_MACCATALYST = YES;
				SWIFT_VERSION = 5.0;
				TARGETED_DEVICE_FAMILY = "1,2";
			};
			name = Release;
		};
/* End XCBuildConfiguration section */

/* Begin XCConfigurationList section */
		FC630203273D89B1003ADA6F /* Build configuration list for PBXNativeTarget "Stickers" */ = {
			isa = XCConfigurationList;
			buildConfigurations = (
				FC630204273D89B1003ADA6F /* Debug */,
				FC630205273D89B1003ADA6F /* Release */,
			);
			defaultConfigurationIsVisible = 0;
			defaultConfigurationName = Release;
		};
		FCBC3B722706DD4400872829 /* Build configuration list for PBXProject "Africa" */ = {
			isa = XCConfigurationList;
			buildConfigurations = (
				FCBC3B842706DD4900872829 /* Debug */,
				FCBC3B852706DD4900872829 /* Release */,
			);
			defaultConfigurationIsVisible = 0;
			defaultConfigurationName = Release;
		};
		FCBC3B862706DD4900872829 /* Build configuration list for PBXNativeTarget "Africa" */ = {
			isa = XCConfigurationList;
			buildConfigurations = (
				FCBC3B872706DD4900872829 /* Debug */,
				FCBC3B882706DD4900872829 /* Release */,
			);
			defaultConfigurationIsVisible = 0;
			defaultConfigurationName = Release;
		};
/* End XCConfigurationList section */
	};
	rootObject = FCBC3B6F2706DD4400872829 /* Project object */;
}
